// !$*UTF8*$!
{
	archiveVersion = 1;
	classes = {
	};
	objectVersion = 46;
	objects = {

/* Begin PBXBuildFile section */
		3F155CA41BA8373300C91E25 /* libstdc++.dylib in Frameworks */ = {isa = PBXBuildFile; fileRef = 3F155CA31BA8373300C91E25 /* libstdc++.dylib */; };
		3F155CB41BA8381D00C91E25 /* baidumobadsdk.bundle in Resources */ = {isa = PBXBuildFile; fileRef = 3F155CAD1BA8381D00C91E25 /* baidumobadsdk.bundle */; };
		3F155CB51BA8381D00C91E25 /* libBaiduMobAdSdk64bit.a in Frameworks */ = {isa = PBXBuildFile; fileRef = 3F155CB31BA8381D00C91E25 /* libBaiduMobAdSdk64bit.a */; };
		3F155CB71BA8388000C91E25 /* libz.dylib in Frameworks */ = {isa = PBXBuildFile; fileRef = 3F155CB61BA8388000C91E25 /* libz.dylib */; };
		3F155CB91BA83AEF00C91E25 /* StoreKit.framework in Frameworks */ = {isa = PBXBuildFile; fileRef = 3F155CB81BA83AEF00C91E25 /* StoreKit.framework */; };
		3F88CDC61B92BB8C00AAF479 /* Crashlytics.framework in Frameworks */ = {isa = PBXBuildFile; fileRef = 3F88CDC41B92BB8C00AAF479 /* Crashlytics.framework */; };
		3F88CDC71B92BB8C00AAF479 /* Fabric.framework in Frameworks */ = {isa = PBXBuildFile; fileRef = 3F88CDC51B92BB8C00AAF479 /* Fabric.framework */; };
		42262C9FD77F0E61345D2EB8 /* libPods.a in Frameworks */ = {isa = PBXBuildFile; fileRef = 815A5AE3989CEB41ADA3F948 /* libPods.a */; };
		BC13E4B31B82D82700222CD2 /* NSMutableDictionary+SafeValue.m in Sources */ = {isa = PBXBuildFile; fileRef = BC13E4B21B82D82700222CD2 /* NSMutableDictionary+SafeValue.m */; };
		BC13E4B61B82E70D00222CD2 /* KKNavigationController.m in Sources */ = {isa = PBXBuildFile; fileRef = BC13E4B51B82E70D00222CD2 /* KKNavigationController.m */; };
		BC13E4BD1B83302D00222CD2 /* Reachability.m in Sources */ = {isa = PBXBuildFile; fileRef = BC13E4BA1B83302D00222CD2 /* Reachability.m */; };
		BC1FB5BA1B595E9C00D06876 /* main.m in Sources */ = {isa = PBXBuildFile; fileRef = BC1FB5B91B595E9C00D06876 /* main.m */; };
		BC1FB5BD1B595E9C00D06876 /* AppDelegate.m in Sources */ = {isa = PBXBuildFile; fileRef = BC1FB5BC1B595E9C00D06876 /* AppDelegate.m */; };
		BC1FB5C31B595E9C00D06876 /* Main.storyboard in Resources */ = {isa = PBXBuildFile; fileRef = BC1FB5C11B595E9C00D06876 /* Main.storyboard */; };
		BC1FB5C51B595E9C00D06876 /* Images.xcassets in Resources */ = {isa = PBXBuildFile; fileRef = BC1FB5C41B595E9C00D06876 /* Images.xcassets */; };
		BC1FB5D41B595E9C00D06876 /* huaqianguTests.m in Sources */ = {isa = PBXBuildFile; fileRef = BC1FB5D31B595E9C00D06876 /* huaqianguTests.m */; };
		BC1FB5F11B59684000D06876 /* MainController.m in Sources */ = {isa = PBXBuildFile; fileRef = BC1FB5EF1B59684000D06876 /* MainController.m */; };
		BC1FB5F21B59684000D06876 /* MainController.xib in Resources */ = {isa = PBXBuildFile; fileRef = BC1FB5F01B59684000D06876 /* MainController.xib */; };
		BC1FB6001B597B0600D06876 /* TrackModel.m in Sources */ = {isa = PBXBuildFile; fileRef = BC1FB5FF1B597B0600D06876 /* TrackModel.m */; };
		BC1FB65A1B59E69500D06876 /* AFService.m in Sources */ = {isa = PBXBuildFile; fileRef = BC1FB6561B59E69500D06876 /* AFService.m */; };
		BC1FB65B1B59E69500D06876 /* NetService.m in Sources */ = {isa = PBXBuildFile; fileRef = BC1FB6591B59E69500D06876 /* NetService.m */; };
		BC1FB6641B59F47400D06876 /* PlayController.m in Sources */ = {isa = PBXBuildFile; fileRef = BC1FB6621B59F47400D06876 /* PlayController.m */; };
		BC1FB6651B59F47400D06876 /* PlayController.xib in Resources */ = {isa = PBXBuildFile; fileRef = BC1FB6631B59F47400D06876 /* PlayController.xib */; };
		BC1FB66A1B5A097E00D06876 /* CommUtils.m in Sources */ = {isa = PBXBuildFile; fileRef = BC1FB6691B5A097E00D06876 /* CommUtils.m */; };
		BC1FB67E1B5A0BF600D06876 /* LMButton.m in Sources */ = {isa = PBXBuildFile; fileRef = BC1FB6781B5A0BF600D06876 /* LMButton.m */; };
		BC1FB67F1B5A0BF600D06876 /* LMImageView.m in Sources */ = {isa = PBXBuildFile; fileRef = BC1FB67A1B5A0BF600D06876 /* LMImageView.m */; };
		BC1FB6801B5A0BF600D06876 /* LMLable.m in Sources */ = {isa = PBXBuildFile; fileRef = BC1FB67C1B5A0BF600D06876 /* LMLable.m */; };
		BC1FB6821B5A258E00D06876 /* AVFoundation.framework in Frameworks */ = {isa = PBXBuildFile; fileRef = BC1FB6811B5A258E00D06876 /* AVFoundation.framework */; };
		BC1FB68E1B5A736500D06876 /* HistoryList.m in Sources */ = {isa = PBXBuildFile; fileRef = BC1FB68D1B5A736500D06876 /* HistoryList.m */; };
		BC1FB6911B5A745200D06876 /* SDBManager.m in Sources */ = {isa = PBXBuildFile; fileRef = BC1FB6901B5A745200D06876 /* SDBManager.m */; };
		BC338E5F1B80874600EC72D4 /* QuartzCore.framework in Frameworks */ = {isa = PBXBuildFile; fileRef = BC338E5E1B80874600EC72D4 /* QuartzCore.framework */; };
		BC338E611B80874D00EC72D4 /* Security.framework in Frameworks */ = {isa = PBXBuildFile; fileRef = BC338E601B80874D00EC72D4 /* Security.framework */; };
		BC338E631B80875700EC72D4 /* AdSupport.framework in Frameworks */ = {isa = PBXBuildFile; fileRef = BC338E621B80875700EC72D4 /* AdSupport.framework */; };
		BC338E691B80877400EC72D4 /* AudioToolbox.framework in Frameworks */ = {isa = PBXBuildFile; fileRef = BC338E681B80877400EC72D4 /* AudioToolbox.framework */; };
		BC338E6B1B80877D00EC72D4 /* CoreMotion.framework in Frameworks */ = {isa = PBXBuildFile; fileRef = BC338E6A1B80877D00EC72D4 /* CoreMotion.framework */; };
		BC338E6D1B80878900EC72D4 /* MediaPlayer.framework in Frameworks */ = {isa = PBXBuildFile; fileRef = BC338E6C1B80878900EC72D4 /* MediaPlayer.framework */; };
		BC338E6F1B80879A00EC72D4 /* MessageUI.framework in Frameworks */ = {isa = PBXBuildFile; fileRef = BC338E6E1B80879A00EC72D4 /* MessageUI.framework */; };
		BC338E711B8087A100EC72D4 /* CoreLocation.framework in Frameworks */ = {isa = PBXBuildFile; fileRef = BC338E701B8087A100EC72D4 /* CoreLocation.framework */; };
		BC338E751B8087B300EC72D4 /* CoreTelephony.framework in Frameworks */ = {isa = PBXBuildFile; fileRef = BC338E741B8087B300EC72D4 /* CoreTelephony.framework */; };
		BC338E771B8087BE00EC72D4 /* SystemConfiguration.framework in Frameworks */ = {isa = PBXBuildFile; fileRef = BC338E761B8087BE00EC72D4 /* SystemConfiguration.framework */; };
		BC338E791B8087C500EC72D4 /* UIKit.framework in Frameworks */ = {isa = PBXBuildFile; fileRef = BC338E781B8087C500EC72D4 /* UIKit.framework */; };
		BC338E7B1B8087CA00EC72D4 /* Foundation.framework in Frameworks */ = {isa = PBXBuildFile; fileRef = BC338E7A1B8087CA00EC72D4 /* Foundation.framework */; };
		BC338E7D1B8087D300EC72D4 /* CoreGraphics.framework in Frameworks */ = {isa = PBXBuildFile; fileRef = BC338E7C1B8087D300EC72D4 /* CoreGraphics.framework */; };
		BC9CEDBB1B5DFAD3004FC9F3 /* DTTimingManager.m in Sources */ = {isa = PBXBuildFile; fileRef = BC9CEDB71B5DFAD3004FC9F3 /* DTTimingManager.m */; };
		BC9CEDBC1B5DFAD3004FC9F3 /* DTTimingViewController.m in Sources */ = {isa = PBXBuildFile; fileRef = BC9CEDB91B5DFAD3004FC9F3 /* DTTimingViewController.m */; };
		BC9CEDBD1B5DFAD3004FC9F3 /* DTTimingViewController.xib in Resources */ = {isa = PBXBuildFile; fileRef = BC9CEDBA1B5DFAD3004FC9F3 /* DTTimingViewController.xib */; };
		BCCA4C581B5CE8EE00C73442 /* AutoRunLabel.m in Sources */ = {isa = PBXBuildFile; fileRef = BCCA4C571B5CE8EE00C73442 /* AutoRunLabel.m */; };
/* End PBXBuildFile section */

/* Begin PBXContainerItemProxy section */
		BC1FB5CE1B595E9C00D06876 /* PBXContainerItemProxy */ = {
			isa = PBXContainerItemProxy;
			containerPortal = BC1FB5AC1B595E9C00D06876 /* Project object */;
			proxyType = 1;
			remoteGlobalIDString = BC1FB5B31B595E9C00D06876;
			remoteInfo = huaqiangu;
		};
/* End PBXContainerItemProxy section */

/* Begin PBXFileReference section */
		3F155CA31BA8373300C91E25 /* libstdc++.dylib */ = {isa = PBXFileReference; lastKnownFileType = "compiled.mach-o.dylib"; name = "libstdc++.dylib"; path = "usr/lib/libstdc++.dylib"; sourceTree = SDKROOT; };
		3F155CA71BA8381D00C91E25 /* BaiduMobAdCommonConfig.h */ = {isa = PBXFileReference; fileEncoding = 4; lastKnownFileType = sourcecode.c.h; path = BaiduMobAdCommonConfig.h; sourceTree = "<group>"; };
		3F155CA81BA8381D00C91E25 /* BaiduMobAdDelegateProtocol.h */ = {isa = PBXFileReference; fileEncoding = 4; lastKnownFileType = sourcecode.c.h; path = BaiduMobAdDelegateProtocol.h; sourceTree = "<group>"; };
		3F155CA91BA8381D00C91E25 /* BaiduMobAdInterstitial.h */ = {isa = PBXFileReference; fileEncoding = 4; lastKnownFileType = sourcecode.c.h; path = BaiduMobAdInterstitial.h; sourceTree = "<group>"; };
		3F155CAA1BA8381D00C91E25 /* BaiduMobAdInterstitialDelegate.h */ = {isa = PBXFileReference; fileEncoding = 4; lastKnownFileType = sourcecode.c.h; path = BaiduMobAdInterstitialDelegate.h; sourceTree = "<group>"; };
		3F155CAB1BA8381D00C91E25 /* BaiduMobAdRecommendDelegateProtocol.h */ = {isa = PBXFileReference; fileEncoding = 4; lastKnownFileType = sourcecode.c.h; path = BaiduMobAdRecommendDelegateProtocol.h; sourceTree = "<group>"; };
		3F155CAC1BA8381D00C91E25 /* BaiduMobAdRecommendIcon.h */ = {isa = PBXFileReference; fileEncoding = 4; lastKnownFileType = sourcecode.c.h; path = BaiduMobAdRecommendIcon.h; sourceTree = "<group>"; };
		3F155CAD1BA8381D00C91E25 /* baidumobadsdk.bundle */ = {isa = PBXFileReference; lastKnownFileType = "wrapper.plug-in"; path = baidumobadsdk.bundle; sourceTree = "<group>"; };
		3F155CAE1BA8381D00C91E25 /* BaiduMobAdSplash.h */ = {isa = PBXFileReference; fileEncoding = 4; lastKnownFileType = sourcecode.c.h; path = BaiduMobAdSplash.h; sourceTree = "<group>"; };
		3F155CAF1BA8381D00C91E25 /* BaiduMobAdSplashDelegate.h */ = {isa = PBXFileReference; fileEncoding = 4; lastKnownFileType = sourcecode.c.h; path = BaiduMobAdSplashDelegate.h; sourceTree = "<group>"; };
		3F155CB01BA8381D00C91E25 /* BaiduMobAdVideoDelegate.h */ = {isa = PBXFileReference; fileEncoding = 4; lastKnownFileType = sourcecode.c.h; path = BaiduMobAdVideoDelegate.h; sourceTree = "<group>"; };
		3F155CB11BA8381D00C91E25 /* BaiduMobAdVideoView.h */ = {isa = PBXFileReference; fileEncoding = 4; lastKnownFileType = sourcecode.c.h; path = BaiduMobAdVideoView.h; sourceTree = "<group>"; };
		3F155CB21BA8381D00C91E25 /* BaiduMobAdView.h */ = {isa = PBXFileReference; fileEncoding = 4; lastKnownFileType = sourcecode.c.h; path = BaiduMobAdView.h; sourceTree = "<group>"; };
		3F155CB31BA8381D00C91E25 /* libBaiduMobAdSdk64bit.a */ = {isa = PBXFileReference; lastKnownFileType = archive.ar; path = libBaiduMobAdSdk64bit.a; sourceTree = "<group>"; };
		3F155CB61BA8388000C91E25 /* libz.dylib */ = {isa = PBXFileReference; lastKnownFileType = "compiled.mach-o.dylib"; name = libz.dylib; path = usr/lib/libz.dylib; sourceTree = SDKROOT; };
		3F155CB81BA83AEF00C91E25 /* StoreKit.framework */ = {isa = PBXFileReference; lastKnownFileType = wrapper.framework; name = StoreKit.framework; path = System/Library/Frameworks/StoreKit.framework; sourceTree = SDKROOT; };
		3F88CDC41B92BB8C00AAF479 /* Crashlytics.framework */ = {isa = PBXFileReference; lastKnownFileType = wrapper.framework; path = Crashlytics.framework; sourceTree = "<group>"; };
		3F88CDC51B92BB8C00AAF479 /* Fabric.framework */ = {isa = PBXFileReference; lastKnownFileType = wrapper.framework; path = Fabric.framework; sourceTree = "<group>"; };
		73BEAAB2371013C5EC7DF00F /* Pods.release.xcconfig */ = {isa = PBXFileReference; includeInIndex = 1; lastKnownFileType = text.xcconfig; name = Pods.release.xcconfig; path = "Pods/Target Support Files/Pods/Pods.release.xcconfig"; sourceTree = "<group>"; };
		7C353B9F2465C658A8882D7F /* Pods.debug.xcconfig */ = {isa = PBXFileReference; includeInIndex = 1; lastKnownFileType = text.xcconfig; name = Pods.debug.xcconfig; path = "Pods/Target Support Files/Pods/Pods.debug.xcconfig"; sourceTree = "<group>"; };
		815A5AE3989CEB41ADA3F948 /* libPods.a */ = {isa = PBXFileReference; explicitFileType = archive.ar; includeInIndex = 0; path = libPods.a; sourceTree = BUILT_PRODUCTS_DIR; };
		BC13E4B11B82D82700222CD2 /* NSMutableDictionary+SafeValue.h */ = {isa = PBXFileReference; fileEncoding = 4; lastKnownFileType = sourcecode.c.h; path = "NSMutableDictionary+SafeValue.h"; sourceTree = "<group>"; };
		BC13E4B21B82D82700222CD2 /* NSMutableDictionary+SafeValue.m */ = {isa = PBXFileReference; fileEncoding = 4; lastKnownFileType = sourcecode.c.objc; lineEnding = 0; path = "NSMutableDictionary+SafeValue.m"; sourceTree = "<group>"; xcLanguageSpecificationIdentifier = xcode.lang.objc; };
		BC13E4B41B82E70D00222CD2 /* KKNavigationController.h */ = {isa = PBXFileReference; fileEncoding = 4; lastKnownFileType = sourcecode.c.h; path = KKNavigationController.h; sourceTree = "<group>"; };
		BC13E4B51B82E70D00222CD2 /* KKNavigationController.m */ = {isa = PBXFileReference; fileEncoding = 4; lastKnownFileType = sourcecode.c.objc; path = KKNavigationController.m; sourceTree = "<group>"; };
		BC13E4B91B83302D00222CD2 /* Reachability.h */ = {isa = PBXFileReference; fileEncoding = 4; lastKnownFileType = sourcecode.c.h; path = Reachability.h; sourceTree = "<group>"; };
		BC13E4BA1B83302D00222CD2 /* Reachability.m */ = {isa = PBXFileReference; fileEncoding = 4; lastKnownFileType = sourcecode.c.objc; path = Reachability.m; sourceTree = "<group>"; };
		BC1FB5B41B595E9C00D06876 /* huaqiangu.app */ = {isa = PBXFileReference; explicitFileType = wrapper.application; includeInIndex = 0; path = huaqiangu.app; sourceTree = BUILT_PRODUCTS_DIR; };
		BC1FB5B81B595E9C00D06876 /* Info.plist */ = {isa = PBXFileReference; lastKnownFileType = text.plist.xml; path = Info.plist; sourceTree = "<group>"; };
		BC1FB5B91B595E9C00D06876 /* main.m */ = {isa = PBXFileReference; lastKnownFileType = sourcecode.c.objc; path = main.m; sourceTree = "<group>"; };
		BC1FB5BB1B595E9C00D06876 /* AppDelegate.h */ = {isa = PBXFileReference; lastKnownFileType = sourcecode.c.h; path = AppDelegate.h; sourceTree = "<group>"; };
		BC1FB5BC1B595E9C00D06876 /* AppDelegate.m */ = {isa = PBXFileReference; lastKnownFileType = sourcecode.c.objc; path = AppDelegate.m; sourceTree = "<group>"; };
		BC1FB5C21B595E9C00D06876 /* Base */ = {isa = PBXFileReference; lastKnownFileType = file.storyboard; name = Base; path = Base.lproj/Main.storyboard; sourceTree = "<group>"; };
		BC1FB5C41B595E9C00D06876 /* Images.xcassets */ = {isa = PBXFileReference; lastKnownFileType = folder.assetcatalog; path = Images.xcassets; sourceTree = "<group>"; };
		BC1FB5CD1B595E9C00D06876 /* huaqianguTests.xctest */ = {isa = PBXFileReference; explicitFileType = wrapper.cfbundle; includeInIndex = 0; path = huaqianguTests.xctest; sourceTree = BUILT_PRODUCTS_DIR; };
		BC1FB5D21B595E9C00D06876 /* Info.plist */ = {isa = PBXFileReference; lastKnownFileType = text.plist.xml; path = Info.plist; sourceTree = "<group>"; };
		BC1FB5D31B595E9C00D06876 /* huaqianguTests.m */ = {isa = PBXFileReference; lastKnownFileType = sourcecode.c.objc; path = huaqianguTests.m; sourceTree = "<group>"; };
		BC1FB5EE1B59684000D06876 /* MainController.h */ = {isa = PBXFileReference; fileEncoding = 4; lastKnownFileType = sourcecode.c.h; path = MainController.h; sourceTree = "<group>"; };
		BC1FB5EF1B59684000D06876 /* MainController.m */ = {isa = PBXFileReference; fileEncoding = 4; lastKnownFileType = sourcecode.c.objc; path = MainController.m; sourceTree = "<group>"; };
		BC1FB5F01B59684000D06876 /* MainController.xib */ = {isa = PBXFileReference; fileEncoding = 4; lastKnownFileType = file.xib; path = MainController.xib; sourceTree = "<group>"; };
		BC1FB5FB1B59776D00D06876 /* mainHead.h */ = {isa = PBXFileReference; lastKnownFileType = sourcecode.c.h; lineEnding = 0; path = mainHead.h; sourceTree = "<group>"; xcLanguageSpecificationIdentifier = xcode.lang.objcpp; };
		BC1FB5FE1B597B0600D06876 /* TrackModel.h */ = {isa = PBXFileReference; fileEncoding = 4; lastKnownFileType = sourcecode.c.h; path = TrackModel.h; sourceTree = "<group>"; };
		BC1FB5FF1B597B0600D06876 /* TrackModel.m */ = {isa = PBXFileReference; fileEncoding = 4; lastKnownFileType = sourcecode.c.objc; path = TrackModel.m; sourceTree = "<group>"; };
		BC1FB6551B59E69500D06876 /* AFService.h */ = {isa = PBXFileReference; fileEncoding = 4; lastKnownFileType = sourcecode.c.h; path = AFService.h; sourceTree = "<group>"; };
		BC1FB6561B59E69500D06876 /* AFService.m */ = {isa = PBXFileReference; fileEncoding = 4; lastKnownFileType = sourcecode.c.objc; lineEnding = 0; path = AFService.m; sourceTree = "<group>"; xcLanguageSpecificationIdentifier = xcode.lang.objc; };
		BC1FB6571B59E69500D06876 /* ApiHeader.h */ = {isa = PBXFileReference; fileEncoding = 4; lastKnownFileType = sourcecode.c.h; path = ApiHeader.h; sourceTree = "<group>"; };
		BC1FB6581B59E69500D06876 /* NetService.h */ = {isa = PBXFileReference; fileEncoding = 4; lastKnownFileType = sourcecode.c.h; path = NetService.h; sourceTree = "<group>"; };
		BC1FB6591B59E69500D06876 /* NetService.m */ = {isa = PBXFileReference; fileEncoding = 4; lastKnownFileType = sourcecode.c.objc; lineEnding = 0; path = NetService.m; sourceTree = "<group>"; xcLanguageSpecificationIdentifier = xcode.lang.objc; };
		BC1FB6601B59ED2800D06876 /* PrefixHeader.pch */ = {isa = PBXFileReference; lastKnownFileType = sourcecode.c.h; path = PrefixHeader.pch; sourceTree = "<group>"; };
		BC1FB6611B59F47400D06876 /* PlayController.h */ = {isa = PBXFileReference; fileEncoding = 4; lastKnownFileType = sourcecode.c.h; path = PlayController.h; sourceTree = "<group>"; };
		BC1FB6621B59F47400D06876 /* PlayController.m */ = {isa = PBXFileReference; fileEncoding = 4; lastKnownFileType = sourcecode.c.objc; lineEnding = 0; path = PlayController.m; sourceTree = "<group>"; xcLanguageSpecificationIdentifier = xcode.lang.objc; };
		BC1FB6631B59F47400D06876 /* PlayController.xib */ = {isa = PBXFileReference; fileEncoding = 4; lastKnownFileType = file.xib; path = PlayController.xib; sourceTree = "<group>"; };
		BC1FB6681B5A097E00D06876 /* CommUtils.h */ = {isa = PBXFileReference; fileEncoding = 4; lastKnownFileType = sourcecode.c.h; path = CommUtils.h; sourceTree = "<group>"; };
		BC1FB6691B5A097E00D06876 /* CommUtils.m */ = {isa = PBXFileReference; fileEncoding = 4; lastKnownFileType = sourcecode.c.objc; path = CommUtils.m; sourceTree = "<group>"; };
		BC1FB6771B5A0BF600D06876 /* LMButton.h */ = {isa = PBXFileReference; fileEncoding = 4; lastKnownFileType = sourcecode.c.h; path = LMButton.h; sourceTree = "<group>"; };
		BC1FB6781B5A0BF600D06876 /* LMButton.m */ = {isa = PBXFileReference; fileEncoding = 4; lastKnownFileType = sourcecode.c.objc; path = LMButton.m; sourceTree = "<group>"; };
		BC1FB6791B5A0BF600D06876 /* LMImageView.h */ = {isa = PBXFileReference; fileEncoding = 4; lastKnownFileType = sourcecode.c.h; path = LMImageView.h; sourceTree = "<group>"; };
		BC1FB67A1B5A0BF600D06876 /* LMImageView.m */ = {isa = PBXFileReference; fileEncoding = 4; lastKnownFileType = sourcecode.c.objc; path = LMImageView.m; sourceTree = "<group>"; };
		BC1FB67B1B5A0BF600D06876 /* LMLable.h */ = {isa = PBXFileReference; fileEncoding = 4; lastKnownFileType = sourcecode.c.h; path = LMLable.h; sourceTree = "<group>"; };
		BC1FB67C1B5A0BF600D06876 /* LMLable.m */ = {isa = PBXFileReference; fileEncoding = 4; lastKnownFileType = sourcecode.c.objc; path = LMLable.m; sourceTree = "<group>"; };
		BC1FB67D1B5A0BF600D06876 /* LMViewHeader.h */ = {isa = PBXFileReference; fileEncoding = 4; lastKnownFileType = sourcecode.c.h; path = LMViewHeader.h; sourceTree = "<group>"; };
		BC1FB6811B5A258E00D06876 /* AVFoundation.framework */ = {isa = PBXFileReference; lastKnownFileType = wrapper.framework; name = AVFoundation.framework; path = System/Library/Frameworks/AVFoundation.framework; sourceTree = SDKROOT; };
		BC1FB68C1B5A736500D06876 /* HistoryList.h */ = {isa = PBXFileReference; fileEncoding = 4; lastKnownFileType = sourcecode.c.h; path = HistoryList.h; sourceTree = "<group>"; };
		BC1FB68D1B5A736500D06876 /* HistoryList.m */ = {isa = PBXFileReference; fileEncoding = 4; lastKnownFileType = sourcecode.c.objc; lineEnding = 0; path = HistoryList.m; sourceTree = "<group>"; xcLanguageSpecificationIdentifier = xcode.lang.objc; };
		BC1FB68F1B5A745200D06876 /* SDBManager.h */ = {isa = PBXFileReference; fileEncoding = 4; lastKnownFileType = sourcecode.c.h; path = SDBManager.h; sourceTree = "<group>"; };
		BC1FB6901B5A745200D06876 /* SDBManager.m */ = {isa = PBXFileReference; fileEncoding = 4; lastKnownFileType = sourcecode.c.objc; lineEnding = 0; path = SDBManager.m; sourceTree = "<group>"; xcLanguageSpecificationIdentifier = xcode.lang.objc; };
		BC338E5E1B80874600EC72D4 /* QuartzCore.framework */ = {isa = PBXFileReference; lastKnownFileType = wrapper.framework; name = QuartzCore.framework; path = System/Library/Frameworks/QuartzCore.framework; sourceTree = SDKROOT; };
		BC338E601B80874D00EC72D4 /* Security.framework */ = {isa = PBXFileReference; lastKnownFileType = wrapper.framework; name = Security.framework; path = System/Library/Frameworks/Security.framework; sourceTree = SDKROOT; };
		BC338E621B80875700EC72D4 /* AdSupport.framework */ = {isa = PBXFileReference; lastKnownFileType = wrapper.framework; name = AdSupport.framework; path = System/Library/Frameworks/AdSupport.framework; sourceTree = SDKROOT; };
		BC338E681B80877400EC72D4 /* AudioToolbox.framework */ = {isa = PBXFileReference; lastKnownFileType = wrapper.framework; name = AudioToolbox.framework; path = System/Library/Frameworks/AudioToolbox.framework; sourceTree = SDKROOT; };
		BC338E6A1B80877D00EC72D4 /* CoreMotion.framework */ = {isa = PBXFileReference; lastKnownFileType = wrapper.framework; name = CoreMotion.framework; path = System/Library/Frameworks/CoreMotion.framework; sourceTree = SDKROOT; };
		BC338E6C1B80878900EC72D4 /* MediaPlayer.framework */ = {isa = PBXFileReference; lastKnownFileType = wrapper.framework; name = MediaPlayer.framework; path = System/Library/Frameworks/MediaPlayer.framework; sourceTree = SDKROOT; };
		BC338E6E1B80879A00EC72D4 /* MessageUI.framework */ = {isa = PBXFileReference; lastKnownFileType = wrapper.framework; name = MessageUI.framework; path = System/Library/Frameworks/MessageUI.framework; sourceTree = SDKROOT; };
		BC338E701B8087A100EC72D4 /* CoreLocation.framework */ = {isa = PBXFileReference; lastKnownFileType = wrapper.framework; name = CoreLocation.framework; path = System/Library/Frameworks/CoreLocation.framework; sourceTree = SDKROOT; };
		BC338E741B8087B300EC72D4 /* CoreTelephony.framework */ = {isa = PBXFileReference; lastKnownFileType = wrapper.framework; name = CoreTelephony.framework; path = System/Library/Frameworks/CoreTelephony.framework; sourceTree = SDKROOT; };
		BC338E761B8087BE00EC72D4 /* SystemConfiguration.framework */ = {isa = PBXFileReference; lastKnownFileType = wrapper.framework; name = SystemConfiguration.framework; path = System/Library/Frameworks/SystemConfiguration.framework; sourceTree = SDKROOT; };
		BC338E781B8087C500EC72D4 /* UIKit.framework */ = {isa = PBXFileReference; lastKnownFileType = wrapper.framework; name = UIKit.framework; path = System/Library/Frameworks/UIKit.framework; sourceTree = SDKROOT; };
		BC338E7A1B8087CA00EC72D4 /* Foundation.framework */ = {isa = PBXFileReference; lastKnownFileType = wrapper.framework; name = Foundation.framework; path = System/Library/Frameworks/Foundation.framework; sourceTree = SDKROOT; };
		BC338E7C1B8087D300EC72D4 /* CoreGraphics.framework */ = {isa = PBXFileReference; lastKnownFileType = wrapper.framework; name = CoreGraphics.framework; path = System/Library/Frameworks/CoreGraphics.framework; sourceTree = SDKROOT; };
		BC9CEDB61B5DFAD3004FC9F3 /* DTTimingManager.h */ = {isa = PBXFileReference; fileEncoding = 4; lastKnownFileType = sourcecode.c.h; path = DTTimingManager.h; sourceTree = "<group>"; };
		BC9CEDB71B5DFAD3004FC9F3 /* DTTimingManager.m */ = {isa = PBXFileReference; fileEncoding = 4; lastKnownFileType = sourcecode.c.objc; path = DTTimingManager.m; sourceTree = "<group>"; };
		BC9CEDB81B5DFAD3004FC9F3 /* DTTimingViewController.h */ = {isa = PBXFileReference; fileEncoding = 4; lastKnownFileType = sourcecode.c.h; path = DTTimingViewController.h; sourceTree = "<group>"; };
		BC9CEDB91B5DFAD3004FC9F3 /* DTTimingViewController.m */ = {isa = PBXFileReference; fileEncoding = 4; lastKnownFileType = sourcecode.c.objc; path = DTTimingViewController.m; sourceTree = "<group>"; };
		BC9CEDBA1B5DFAD3004FC9F3 /* DTTimingViewController.xib */ = {isa = PBXFileReference; fileEncoding = 4; lastKnownFileType = file.xib; path = DTTimingViewController.xib; sourceTree = "<group>"; };
		BCCA4C561B5CE8EE00C73442 /* AutoRunLabel.h */ = {isa = PBXFileReference; fileEncoding = 4; lastKnownFileType = sourcecode.c.h; path = AutoRunLabel.h; sourceTree = "<group>"; };
		BCCA4C571B5CE8EE00C73442 /* AutoRunLabel.m */ = {isa = PBXFileReference; fileEncoding = 4; lastKnownFileType = sourcecode.c.objc; path = AutoRunLabel.m; sourceTree = "<group>"; };
/* End PBXFileReference section */

/* Begin PBXFrameworksBuildPhase section */
		BC1FB5B11B595E9C00D06876 /* Frameworks */ = {
			isa = PBXFrameworksBuildPhase;
			buildActionMask = 2147483647;
			files = (
				3F155CB91BA83AEF00C91E25 /* StoreKit.framework in Frameworks */,
				3F155CB71BA8388000C91E25 /* libz.dylib in Frameworks */,
				3F155CA41BA8373300C91E25 /* libstdc++.dylib in Frameworks */,
				BC338E7D1B8087D300EC72D4 /* CoreGraphics.framework in Frameworks */,
				BC338E7B1B8087CA00EC72D4 /* Foundation.framework in Frameworks */,
				BC338E791B8087C500EC72D4 /* UIKit.framework in Frameworks */,
				BC338E771B8087BE00EC72D4 /* SystemConfiguration.framework in Frameworks */,
				3F88CDC61B92BB8C00AAF479 /* Crashlytics.framework in Frameworks */,
				BC338E751B8087B300EC72D4 /* CoreTelephony.framework in Frameworks */,
				3F155CB51BA8381D00C91E25 /* libBaiduMobAdSdk64bit.a in Frameworks */,
				BC338E711B8087A100EC72D4 /* CoreLocation.framework in Frameworks */,
				BC338E6F1B80879A00EC72D4 /* MessageUI.framework in Frameworks */,
				BC1FB6821B5A258E00D06876 /* AVFoundation.framework in Frameworks */,
				BC338E6D1B80878900EC72D4 /* MediaPlayer.framework in Frameworks */,
				BC338E6B1B80877D00EC72D4 /* CoreMotion.framework in Frameworks */,
				BC338E691B80877400EC72D4 /* AudioToolbox.framework in Frameworks */,
				3F88CDC71B92BB8C00AAF479 /* Fabric.framework in Frameworks */,
				BC338E631B80875700EC72D4 /* AdSupport.framework in Frameworks */,
				BC338E611B80874D00EC72D4 /* Security.framework in Frameworks */,
				BC338E5F1B80874600EC72D4 /* QuartzCore.framework in Frameworks */,
				42262C9FD77F0E61345D2EB8 /* libPods.a in Frameworks */,
			);
			runOnlyForDeploymentPostprocessing = 0;
		};
		BC1FB5CA1B595E9C00D06876 /* Frameworks */ = {
			isa = PBXFrameworksBuildPhase;
			buildActionMask = 2147483647;
			files = (
			);
			runOnlyForDeploymentPostprocessing = 0;
		};
/* End PBXFrameworksBuildPhase section */

/* Begin PBXGroup section */
		3F0E6BCB1BA691240057CB5A /* ios_api */ = {
			isa = PBXGroup;
			children = (
				3F155CA71BA8381D00C91E25 /* BaiduMobAdCommonConfig.h */,
				3F155CA81BA8381D00C91E25 /* BaiduMobAdDelegateProtocol.h */,
				3F155CA91BA8381D00C91E25 /* BaiduMobAdInterstitial.h */,
				3F155CAA1BA8381D00C91E25 /* BaiduMobAdInterstitialDelegate.h */,
				3F155CAB1BA8381D00C91E25 /* BaiduMobAdRecommendDelegateProtocol.h */,
				3F155CAC1BA8381D00C91E25 /* BaiduMobAdRecommendIcon.h */,
				3F155CAD1BA8381D00C91E25 /* baidumobadsdk.bundle */,
				3F155CAE1BA8381D00C91E25 /* BaiduMobAdSplash.h */,
				3F155CAF1BA8381D00C91E25 /* BaiduMobAdSplashDelegate.h */,
				3F155CB01BA8381D00C91E25 /* BaiduMobAdVideoDelegate.h */,
				3F155CB11BA8381D00C91E25 /* BaiduMobAdVideoView.h */,
				3F155CB21BA8381D00C91E25 /* BaiduMobAdView.h */,
				3F155CB31BA8381D00C91E25 /* libBaiduMobAdSdk64bit.a */,
			);
			path = ios_api;
			sourceTree = "<group>";
		};
		50937BF299FB3A659205E707 /* Frameworks */ = {
			isa = PBXGroup;
			children = (
				3F155CB81BA83AEF00C91E25 /* StoreKit.framework */,
				3F155CB61BA8388000C91E25 /* libz.dylib */,
				3F155CA31BA8373300C91E25 /* libstdc++.dylib */,
				3F88CDC41B92BB8C00AAF479 /* Crashlytics.framework */,
				3F88CDC51B92BB8C00AAF479 /* Fabric.framework */,
				BC338E7C1B8087D300EC72D4 /* CoreGraphics.framework */,
				BC338E7A1B8087CA00EC72D4 /* Foundation.framework */,
				BC338E781B8087C500EC72D4 /* UIKit.framework */,
				BC338E761B8087BE00EC72D4 /* SystemConfiguration.framework */,
				BC338E741B8087B300EC72D4 /* CoreTelephony.framework */,
				BC338E701B8087A100EC72D4 /* CoreLocation.framework */,
				BC338E6E1B80879A00EC72D4 /* MessageUI.framework */,
				BC338E6C1B80878900EC72D4 /* MediaPlayer.framework */,
				BC338E6A1B80877D00EC72D4 /* CoreMotion.framework */,
				BC338E681B80877400EC72D4 /* AudioToolbox.framework */,
				BC338E621B80875700EC72D4 /* AdSupport.framework */,
				BC338E601B80874D00EC72D4 /* Security.framework */,
				BC338E5E1B80874600EC72D4 /* QuartzCore.framework */,
				BC1FB6811B5A258E00D06876 /* AVFoundation.framework */,
				815A5AE3989CEB41ADA3F948 /* libPods.a */,
			);
			name = Frameworks;
			sourceTree = "<group>";
		};
		AADCBD611DCAE5AD56D7FAE7 /* Pods */ = {
			isa = PBXGroup;
			children = (
				7C353B9F2465C658A8882D7F /* Pods.debug.xcconfig */,
				73BEAAB2371013C5EC7DF00F /* Pods.release.xcconfig */,
			);
			name = Pods;
			sourceTree = "<group>";
		};
		BC13E4B71B83302D00222CD2 /* Reachability */ = {
			isa = PBXGroup;
			children = (
				BC13E4B91B83302D00222CD2 /* Reachability.h */,
				BC13E4BA1B83302D00222CD2 /* Reachability.m */,
			);
			path = Reachability;
			sourceTree = "<group>";
		};
		BC1FB5AB1B595E9C00D06876 = {
			isa = PBXGroup;
			children = (
				BC1FB5DF1B59613400D06876 /* ThreeSDK */,
				BC1FB5B61B595E9C00D06876 /* huaqiangu */,
				BC1FB5D01B595E9C00D06876 /* huaqianguTests */,
				BC1FB5B51B595E9C00D06876 /* Products */,
				AADCBD611DCAE5AD56D7FAE7 /* Pods */,
				50937BF299FB3A659205E707 /* Frameworks */,
			);
			sourceTree = "<group>";
		};
		BC1FB5B51B595E9C00D06876 /* Products */ = {
			isa = PBXGroup;
			children = (
				BC1FB5B41B595E9C00D06876 /* huaqiangu.app */,
				BC1FB5CD1B595E9C00D06876 /* huaqianguTests.xctest */,
			);
			name = Products;
			sourceTree = "<group>";
		};
		BC1FB5B61B595E9C00D06876 /* huaqiangu */ = {
			isa = PBXGroup;
			children = (
				BC1FB5FD1B597AD400D06876 /* Model */,
				BC1FB5ED1B59680E00D06876 /* Controller */,
				BC1FB5BB1B595E9C00D06876 /* AppDelegate.h */,
				BC1FB5BC1B595E9C00D06876 /* AppDelegate.m */,
				BC1FB5C11B595E9C00D06876 /* Main.storyboard */,
				BC1FB5C41B595E9C00D06876 /* Images.xcassets */,
				BC1FB5B71B595E9C00D06876 /* Supporting Files */,
			);
			path = huaqiangu;
			sourceTree = "<group>";
		};
		BC1FB5B71B595E9C00D06876 /* Supporting Files */ = {
			isa = PBXGroup;
			children = (
				BC1FB5B81B595E9C00D06876 /* Info.plist */,
				BC1FB5B91B595E9C00D06876 /* main.m */,
				BC1FB5FB1B59776D00D06876 /* mainHead.h */,
				BC1FB6601B59ED2800D06876 /* PrefixHeader.pch */,
			);
			name = "Supporting Files";
			sourceTree = "<group>";
		};
		BC1FB5D01B595E9C00D06876 /* huaqianguTests */ = {
			isa = PBXGroup;
			children = (
				BC1FB5D31B595E9C00D06876 /* huaqianguTests.m */,
				BC1FB5D11B595E9C00D06876 /* Supporting Files */,
			);
			path = huaqianguTests;
			sourceTree = "<group>";
		};
		BC1FB5D11B595E9C00D06876 /* Supporting Files */ = {
			isa = PBXGroup;
			children = (
				BC1FB5D21B595E9C00D06876 /* Info.plist */,
			);
			name = "Supporting Files";
			sourceTree = "<group>";
		};
		BC1FB5DF1B59613400D06876 /* ThreeSDK */ = {
			isa = PBXGroup;
			children = (
				3F0E6BCB1BA691240057CB5A /* ios_api */,
				BC13E4B71B83302D00222CD2 /* Reachability */,
				BC1FB68B1B5A734700D06876 /* HistoryFMDB */,
				BC1FB6761B5A0BF600D06876 /* LMView */,
				BC1FB6671B5A093000D06876 /* Common */,
				BC1FB6541B59E69500D06876 /* NetWorkServer */,
				BC1FB5E01B59616900D06876 /* NavigationSDK */,
			);
			path = ThreeSDK;
			sourceTree = "<group>";
		};
		BC1FB5E01B59616900D06876 /* NavigationSDK */ = {
			isa = PBXGroup;
			children = (
				BC13E4B41B82E70D00222CD2 /* KKNavigationController.h */,
				BC13E4B51B82E70D00222CD2 /* KKNavigationController.m */,
			);
			path = NavigationSDK;
			sourceTree = "<group>";
		};
		BC1FB5ED1B59680E00D06876 /* Controller */ = {
			isa = PBXGroup;
			children = (
				BC9CEDB51B5DFAB6004FC9F3 /* TimeController */,
				BC1FB5EE1B59684000D06876 /* MainController.h */,
				BC1FB5EF1B59684000D06876 /* MainController.m */,
				BC1FB5F01B59684000D06876 /* MainController.xib */,
				BC1FB6611B59F47400D06876 /* PlayController.h */,
				BC1FB6621B59F47400D06876 /* PlayController.m */,
				BC1FB6631B59F47400D06876 /* PlayController.xib */,
			);
			path = Controller;
			sourceTree = "<group>";
		};
		BC1FB5FD1B597AD400D06876 /* Model */ = {
			isa = PBXGroup;
			children = (
				BC1FB5FE1B597B0600D06876 /* TrackModel.h */,
				BC1FB5FF1B597B0600D06876 /* TrackModel.m */,
			);
			path = Model;
			sourceTree = "<group>";
		};
		BC1FB6541B59E69500D06876 /* NetWorkServer */ = {
			isa = PBXGroup;
			children = (
				BC1FB6551B59E69500D06876 /* AFService.h */,
				BC1FB6561B59E69500D06876 /* AFService.m */,
				BC1FB6571B59E69500D06876 /* ApiHeader.h */,
				BC1FB6581B59E69500D06876 /* NetService.h */,
				BC1FB6591B59E69500D06876 /* NetService.m */,
			);
			path = NetWorkServer;
			sourceTree = "<group>";
		};
		BC1FB6671B5A093000D06876 /* Common */ = {
			isa = PBXGroup;
			children = (
				BC13E4B11B82D82700222CD2 /* NSMutableDictionary+SafeValue.h */,
				BC13E4B21B82D82700222CD2 /* NSMutableDictionary+SafeValue.m */,
				BCCA4C561B5CE8EE00C73442 /* AutoRunLabel.h */,
				BCCA4C571B5CE8EE00C73442 /* AutoRunLabel.m */,
				BC1FB6681B5A097E00D06876 /* CommUtils.h */,
				BC1FB6691B5A097E00D06876 /* CommUtils.m */,
			);
			path = Common;
			sourceTree = "<group>";
		};
		BC1FB6761B5A0BF600D06876 /* LMView */ = {
			isa = PBXGroup;
			children = (
				BC1FB6771B5A0BF600D06876 /* LMButton.h */,
				BC1FB6781B5A0BF600D06876 /* LMButton.m */,
				BC1FB6791B5A0BF600D06876 /* LMImageView.h */,
				BC1FB67A1B5A0BF600D06876 /* LMImageView.m */,
				BC1FB67B1B5A0BF600D06876 /* LMLable.h */,
				BC1FB67C1B5A0BF600D06876 /* LMLable.m */,
				BC1FB67D1B5A0BF600D06876 /* LMViewHeader.h */,
			);
			path = LMView;
			sourceTree = "<group>";
		};
		BC1FB68B1B5A734700D06876 /* HistoryFMDB */ = {
			isa = PBXGroup;
			children = (
				BC1FB68F1B5A745200D06876 /* SDBManager.h */,
				BC1FB6901B5A745200D06876 /* SDBManager.m */,
				BC1FB68C1B5A736500D06876 /* HistoryList.h */,
				BC1FB68D1B5A736500D06876 /* HistoryList.m */,
			);
			path = HistoryFMDB;
			sourceTree = "<group>";
		};
		BC9CEDB51B5DFAB6004FC9F3 /* TimeController */ = {
			isa = PBXGroup;
			children = (
				BC9CEDB61B5DFAD3004FC9F3 /* DTTimingManager.h */,
				BC9CEDB71B5DFAD3004FC9F3 /* DTTimingManager.m */,
				BC9CEDB81B5DFAD3004FC9F3 /* DTTimingViewController.h */,
				BC9CEDB91B5DFAD3004FC9F3 /* DTTimingViewController.m */,
				BC9CEDBA1B5DFAD3004FC9F3 /* DTTimingViewController.xib */,
			);
			path = TimeController;
			sourceTree = "<group>";
		};
/* End PBXGroup section */

/* Begin PBXNativeTarget section */
		BC1FB5B31B595E9C00D06876 /* huaqiangu */ = {
			isa = PBXNativeTarget;
			buildConfigurationList = BC1FB5D71B595E9C00D06876 /* Build configuration list for PBXNativeTarget "huaqiangu" */;
			buildPhases = (
				719E79BDEFA4891C47415351 /* Check Pods Manifest.lock */,
				BC1FB5B01B595E9C00D06876 /* Sources */,
				BC1FB5B11B595E9C00D06876 /* Frameworks */,
				BC1FB5B21B595E9C00D06876 /* Resources */,
				515EBB9DB960690C3FA17758 /* Copy Pods Resources */,
				BC1567291B7DA1F60018F5BE /* ShellScript */,
			);
			buildRules = (
			);
			dependencies = (
			);
			name = huaqiangu;
			productName = huaqiangu;
			productReference = BC1FB5B41B595E9C00D06876 /* huaqiangu.app */;
			productType = "com.apple.product-type.application";
		};
		BC1FB5CC1B595E9C00D06876 /* huaqianguTests */ = {
			isa = PBXNativeTarget;
			buildConfigurationList = BC1FB5DA1B595E9C00D06876 /* Build configuration list for PBXNativeTarget "huaqianguTests" */;
			buildPhases = (
				BC1FB5C91B595E9C00D06876 /* Sources */,
				BC1FB5CA1B595E9C00D06876 /* Frameworks */,
				BC1FB5CB1B595E9C00D06876 /* Resources */,
			);
			buildRules = (
			);
			dependencies = (
				BC1FB5CF1B595E9C00D06876 /* PBXTargetDependency */,
			);
			name = huaqianguTests;
			productName = huaqianguTests;
			productReference = BC1FB5CD1B595E9C00D06876 /* huaqianguTests.xctest */;
			productType = "com.apple.product-type.bundle.unit-test";
		};
/* End PBXNativeTarget section */

/* Begin PBXProject section */
		BC1FB5AC1B595E9C00D06876 /* Project object */ = {
			isa = PBXProject;
			attributes = {
				LastUpgradeCheck = 0700;
				ORGANIZATIONNAME = Jiangwei;
				TargetAttributes = {
					BC1FB5B31B595E9C00D06876 = {
						CreatedOnToolsVersion = 6.4;
						SystemCapabilities = {
							com.apple.InAppPurchase = {
								enabled = 0;
							};
						};
					};
					BC1FB5CC1B595E9C00D06876 = {
						CreatedOnToolsVersion = 6.4;
						DevelopmentTeam = JD2W4XYSND;
						TestTargetID = BC1FB5B31B595E9C00D06876;
					};
				};
			};
			buildConfigurationList = BC1FB5AF1B595E9C00D06876 /* Build configuration list for PBXProject "huaqiangu" */;
			compatibilityVersion = "Xcode 3.2";
			developmentRegion = English;
			hasScannedForEncodings = 0;
			knownRegions = (
				en,
				Base,
			);
			mainGroup = BC1FB5AB1B595E9C00D06876;
			productRefGroup = BC1FB5B51B595E9C00D06876 /* Products */;
			projectDirPath = "";
			projectRoot = "";
			targets = (
				BC1FB5B31B595E9C00D06876 /* huaqiangu */,
				BC1FB5CC1B595E9C00D06876 /* huaqianguTests */,
			);
		};
/* End PBXProject section */

/* Begin PBXResourcesBuildPhase section */
		BC1FB5B21B595E9C00D06876 /* Resources */ = {
			isa = PBXResourcesBuildPhase;
			buildActionMask = 2147483647;
			files = (
				3F155CB41BA8381D00C91E25 /* baidumobadsdk.bundle in Resources */,
				BC1FB6651B59F47400D06876 /* PlayController.xib in Resources */,
				BC1FB5F21B59684000D06876 /* MainController.xib in Resources */,
				BC1FB5C31B595E9C00D06876 /* Main.storyboard in Resources */,
				BC1FB5C51B595E9C00D06876 /* Images.xcassets in Resources */,
				BC9CEDBD1B5DFAD3004FC9F3 /* DTTimingViewController.xib in Resources */,
			);
			runOnlyForDeploymentPostprocessing = 0;
		};
		BC1FB5CB1B595E9C00D06876 /* Resources */ = {
			isa = PBXResourcesBuildPhase;
			buildActionMask = 2147483647;
			files = (
			);
			runOnlyForDeploymentPostprocessing = 0;
		};
/* End PBXResourcesBuildPhase section */

/* Begin PBXShellScriptBuildPhase section */
		515EBB9DB960690C3FA17758 /* Copy Pods Resources */ = {
			isa = PBXShellScriptBuildPhase;
			buildActionMask = 2147483647;
			files = (
			);
			inputPaths = (
			);
			name = "Copy Pods Resources";
			outputPaths = (
			);
			runOnlyForDeploymentPostprocessing = 0;
			shellPath = /bin/sh;
			shellScript = "\"${SRCROOT}/Pods/Target Support Files/Pods/Pods-resources.sh\"\n";
			showEnvVarsInLog = 0;
		};
		719E79BDEFA4891C47415351 /* Check Pods Manifest.lock */ = {
			isa = PBXShellScriptBuildPhase;
			buildActionMask = 2147483647;
			files = (
			);
			inputPaths = (
			);
			name = "Check Pods Manifest.lock";
			outputPaths = (
			);
			runOnlyForDeploymentPostprocessing = 0;
			shellPath = /bin/sh;
			shellScript = "diff \"${PODS_ROOT}/../Podfile.lock\" \"${PODS_ROOT}/Manifest.lock\" > /dev/null\nif [[ $? != 0 ]] ; then\n    cat << EOM\nerror: The sandbox is not in sync with the Podfile.lock. Run 'pod install' or update your CocoaPods installation.\nEOM\n    exit 1\nfi\n";
			showEnvVarsInLog = 0;
		};
		BC1567291B7DA1F60018F5BE /* ShellScript */ = {
			isa = PBXShellScriptBuildPhase;
			buildActionMask = 2147483647;
			files = (
			);
			inputPaths = (
			);
			outputPaths = (
			);
			runOnlyForDeploymentPostprocessing = 0;
			shellPath = /bin/sh;
			shellScript = "./Fabric.framework/run a854d60266abfb8cda84477e88da739895dd23f5 bbee274cdcc162dd82e5e925678ff958e613e5a680449e52861e1092f555482e";
		};
/* End PBXShellScriptBuildPhase section */

/* Begin PBXSourcesBuildPhase section */
		BC1FB5B01B595E9C00D06876 /* Sources */ = {
			isa = PBXSourcesBuildPhase;
			buildActionMask = 2147483647;
			files = (
				BC1FB5F11B59684000D06876 /* MainController.m in Sources */,
				BC1FB65B1B59E69500D06876 /* NetService.m in Sources */,
				BC1FB6001B597B0600D06876 /* TrackModel.m in Sources */,
				BC13E4B61B82E70D00222CD2 /* KKNavigationController.m in Sources */,
				BC9CEDBC1B5DFAD3004FC9F3 /* DTTimingViewController.m in Sources */,
				BC1FB6801B5A0BF600D06876 /* LMLable.m in Sources */,
				BC1FB68E1B5A736500D06876 /* HistoryList.m in Sources */,
				BC1FB66A1B5A097E00D06876 /* CommUtils.m in Sources */,
				BC9CEDBB1B5DFAD3004FC9F3 /* DTTimingManager.m in Sources */,
				BC1FB5BD1B595E9C00D06876 /* AppDelegate.m in Sources */,
				BC13E4BD1B83302D00222CD2 /* Reachability.m in Sources */,
				BC13E4B31B82D82700222CD2 /* NSMutableDictionary+SafeValue.m in Sources */,
				BC1FB65A1B59E69500D06876 /* AFService.m in Sources */,
				BC1FB5BA1B595E9C00D06876 /* main.m in Sources */,
				BCCA4C581B5CE8EE00C73442 /* AutoRunLabel.m in Sources */,
				BC1FB67E1B5A0BF600D06876 /* LMButton.m in Sources */,
				BC1FB6911B5A745200D06876 /* SDBManager.m in Sources */,
				BC1FB6641B59F47400D06876 /* PlayController.m in Sources */,
				BC1FB67F1B5A0BF600D06876 /* LMImageView.m in Sources */,
			);
			runOnlyForDeploymentPostprocessing = 0;
		};
		BC1FB5C91B595E9C00D06876 /* Sources */ = {
			isa = PBXSourcesBuildPhase;
			buildActionMask = 2147483647;
			files = (
				BC1FB5D41B595E9C00D06876 /* huaqianguTests.m in Sources */,
			);
			runOnlyForDeploymentPostprocessing = 0;
		};
/* End PBXSourcesBuildPhase section */

/* Begin PBXTargetDependency section */
		BC1FB5CF1B595E9C00D06876 /* PBXTargetDependency */ = {
			isa = PBXTargetDependency;
			target = BC1FB5B31B595E9C00D06876 /* huaqiangu */;
			targetProxy = BC1FB5CE1B595E9C00D06876 /* PBXContainerItemProxy */;
		};
/* End PBXTargetDependency section */

/* Begin PBXVariantGroup section */
		BC1FB5C11B595E9C00D06876 /* Main.storyboard */ = {
			isa = PBXVariantGroup;
			children = (
				BC1FB5C21B595E9C00D06876 /* Base */,
			);
			name = Main.storyboard;
			sourceTree = "<group>";
		};
/* End PBXVariantGroup section */

/* Begin XCBuildConfiguration section */
		BC1FB5D51B595E9C00D06876 /* Debug */ = {
			isa = XCBuildConfiguration;
			buildSettings = {
				ALWAYS_SEARCH_USER_PATHS = NO;
				CLANG_CXX_LANGUAGE_STANDARD = "gnu++0x";
				CLANG_CXX_LIBRARY = "libc++";
				CLANG_ENABLE_MODULES = YES;
				CLANG_ENABLE_OBJC_ARC = YES;
				CLANG_WARN_BOOL_CONVERSION = YES;
				CLANG_WARN_CONSTANT_CONVERSION = YES;
				CLANG_WARN_DIRECT_OBJC_ISA_USAGE = YES_ERROR;
				CLANG_WARN_EMPTY_BODY = YES;
				CLANG_WARN_ENUM_CONVERSION = YES;
				CLANG_WARN_INT_CONVERSION = YES;
				CLANG_WARN_OBJC_ROOT_CLASS = YES_ERROR;
				CLANG_WARN_UNREACHABLE_CODE = YES;
				CLANG_WARN__DUPLICATE_METHOD_MATCH = YES;
				CODE_SIGN_IDENTITY = "iPhone Distribution: Li Meng (EKT7TDBE5W)";
				"CODE_SIGN_IDENTITY[sdk=iphoneos*]" = "iPhone Distribution: Li Meng (EKT7TDBE5W)";
				COPY_PHASE_STRIP = NO;
				DEBUG_INFORMATION_FORMAT = "dwarf-with-dsym";
				ENABLE_STRICT_OBJC_MSGSEND = YES;
				ENABLE_TESTABILITY = YES;
				GCC_C_LANGUAGE_STANDARD = gnu99;
				GCC_DYNAMIC_NO_PIC = NO;
				GCC_NO_COMMON_BLOCKS = YES;
				GCC_OPTIMIZATION_LEVEL = 0;
				GCC_PREPROCESSOR_DEFINITIONS = (
					"DEBUG=1",
					"$(inherited)",
				);
				GCC_SYMBOLS_PRIVATE_EXTERN = NO;
				GCC_WARN_64_TO_32_BIT_CONVERSION = YES;
				GCC_WARN_ABOUT_RETURN_TYPE = YES_ERROR;
				GCC_WARN_UNDECLARED_SELECTOR = YES;
				GCC_WARN_UNINITIALIZED_AUTOS = YES_AGGRESSIVE;
				GCC_WARN_UNUSED_FUNCTION = YES;
				GCC_WARN_UNUSED_VARIABLE = YES;
				IPHONEOS_DEPLOYMENT_TARGET = 7.0;
				MTL_ENABLE_DEBUG_INFO = YES;
				ONLY_ACTIVE_ARCH = YES;
				PROVISIONING_PROFILE = "06eeb1c5-8c56-41b7-beb1-6f740c712174";
				SDKROOT = iphoneos;
			};
			name = Debug;
		};
		BC1FB5D61B595E9C00D06876 /* Release */ = {
			isa = XCBuildConfiguration;
			buildSettings = {
				ALWAYS_SEARCH_USER_PATHS = NO;
				CLANG_CXX_LANGUAGE_STANDARD = "gnu++0x";
				CLANG_CXX_LIBRARY = "libc++";
				CLANG_ENABLE_MODULES = YES;
				CLANG_ENABLE_OBJC_ARC = YES;
				CLANG_WARN_BOOL_CONVERSION = YES;
				CLANG_WARN_CONSTANT_CONVERSION = YES;
				CLANG_WARN_DIRECT_OBJC_ISA_USAGE = YES_ERROR;
				CLANG_WARN_EMPTY_BODY = YES;
				CLANG_WARN_ENUM_CONVERSION = YES;
				CLANG_WARN_INT_CONVERSION = YES;
				CLANG_WARN_OBJC_ROOT_CLASS = YES_ERROR;
				CLANG_WARN_UNREACHABLE_CODE = YES;
				CLANG_WARN__DUPLICATE_METHOD_MATCH = YES;
				CODE_SIGN_IDENTITY = "iPhone Distribution: Li Meng (EKT7TDBE5W)";
				"CODE_SIGN_IDENTITY[sdk=iphoneos*]" = "iPhone Distribution: Li Meng (EKT7TDBE5W)";
				COPY_PHASE_STRIP = NO;
				DEBUG_INFORMATION_FORMAT = "dwarf-with-dsym";
				ENABLE_NS_ASSERTIONS = NO;
				ENABLE_STRICT_OBJC_MSGSEND = YES;
				GCC_C_LANGUAGE_STANDARD = gnu99;
				GCC_NO_COMMON_BLOCKS = YES;
				GCC_WARN_64_TO_32_BIT_CONVERSION = YES;
				GCC_WARN_ABOUT_RETURN_TYPE = YES_ERROR;
				GCC_WARN_UNDECLARED_SELECTOR = YES;
				GCC_WARN_UNINITIALIZED_AUTOS = YES_AGGRESSIVE;
				GCC_WARN_UNUSED_FUNCTION = YES;
				GCC_WARN_UNUSED_VARIABLE = YES;
				IPHONEOS_DEPLOYMENT_TARGET = 7.0;
				MTL_ENABLE_DEBUG_INFO = NO;
				PROVISIONING_PROFILE = "06eeb1c5-8c56-41b7-beb1-6f740c712174";
				SDKROOT = iphoneos;
				VALIDATE_PRODUCT = YES;
			};
			name = Release;
		};
		BC1FB5D81B595E9C00D06876 /* Debug */ = {
			isa = XCBuildConfiguration;
			baseConfigurationReference = 7C353B9F2465C658A8882D7F /* Pods.debug.xcconfig */;
			buildSettings = {
				ASSETCATALOG_COMPILER_APPICON_NAME = AppIcon;
				ASSETCATALOG_COMPILER_LAUNCHIMAGE_NAME = LaunchImage;
				CODE_SIGN_IDENTITY = "iPhone Distribution: Li Meng (EKT7TDBE5W)";
				"CODE_SIGN_IDENTITY[sdk=iphoneos*]" = "iPhone Distribution: Li Meng (EKT7TDBE5W)";
				ENABLE_BITCODE = NO;
				FRAMEWORK_SEARCH_PATHS = (
					"$(inherited)",
					"$(PROJECT_DIR)",
				);
				GCC_PREFIX_HEADER = huaqiangu/PrefixHeader.pch;
				HEADER_SEARCH_PATHS = "$(inherited)";
				INFOPLIST_FILE = huaqiangu/Info.plist;
				IPHONEOS_DEPLOYMENT_TARGET = 7.0;
				LD_RUNPATH_SEARCH_PATHS = "$(inherited) @executable_path/Frameworks";
				LIBRARY_SEARCH_PATHS = (
					"$(inherited)",
					"$(PROJECT_DIR)/ThreeSDK/ios_api",
				);
				ONLY_ACTIVE_ARCH = YES;
				OTHER_LDFLAGS = (
					"$(inherited)",
					"-ObjC",
					"-lstdc++",
				);
				PRODUCT_BUNDLE_IDENTIFIER = com.weiting2.dwxdl;
				PRODUCT_NAME = "$(TARGET_NAME)";
				PROVISIONING_PROFILE = "06eeb1c5-8c56-41b7-beb1-6f740c712174";
			};
			name = Debug;
		};
		BC1FB5D91B595E9C00D06876 /* Release */ = {
			isa = XCBuildConfiguration;
			baseConfigurationReference = 73BEAAB2371013C5EC7DF00F /* Pods.release.xcconfig */;
			buildSettings = {
				ASSETCATALOG_COMPILER_APPICON_NAME = AppIcon;
				ASSETCATALOG_COMPILER_LAUNCHIMAGE_NAME = LaunchImage;
				CODE_SIGN_IDENTITY = "iPhone Distribution: Li Meng (EKT7TDBE5W)";
				"CODE_SIGN_IDENTITY[sdk=iphoneos*]" = "iPhone Distribution: Li Meng (EKT7TDBE5W)";
				ENABLE_BITCODE = NO;
				FRAMEWORK_SEARCH_PATHS = (
					"$(inherited)",
					"$(PROJECT_DIR)",
				);
				GCC_PREFIX_HEADER = huaqiangu/PrefixHeader.pch;
				HEADER_SEARCH_PATHS = "$(inherited)";
				INFOPLIST_FILE = huaqiangu/Info.plist;
				IPHONEOS_DEPLOYMENT_TARGET = 7.0;
				LD_RUNPATH_SEARCH_PATHS = "$(inherited) @executable_path/Frameworks";
				LIBRARY_SEARCH_PATHS = (
					"$(inherited)",
					"$(PROJECT_DIR)/ThreeSDK/ios_api",
				);
				ONLY_ACTIVE_ARCH = YES;
				OTHER_LDFLAGS = (
					"$(inherited)",
					"-ObjC",
					"-lstdc++",
				);
				PRODUCT_BUNDLE_IDENTIFIER = com.weiting2.dwxdl;
				PRODUCT_NAME = "$(TARGET_NAME)";
				PROVISIONING_PROFILE = "06eeb1c5-8c56-41b7-beb1-6f740c712174";
			};
			name = Release;
		};
		BC1FB5DB1B595E9C00D06876 /* Debug */ = {
			isa = XCBuildConfiguration;
			buildSettings = {
				BUNDLE_LOADER = "$(TEST_HOST)";
				CODE_SIGN_IDENTITY = "iPhone Developer";
				"CODE_SIGN_IDENTITY[sdk=iphoneos*]" = "iPhone Developer";
				FRAMEWORK_SEARCH_PATHS = (
					"$(SDKROOT)/Developer/Library/Frameworks",
					"$(inherited)",
				);
				GCC_PREPROCESSOR_DEFINITIONS = (
					"DEBUG=1",
					"$(inherited)",
				);
				INFOPLIST_FILE = huaqianguTests/Info.plist;
				LD_RUNPATH_SEARCH_PATHS = "$(inherited) @executable_path/Frameworks @loader_path/Frameworks";
				PRODUCT_BUNDLE_IDENTIFIER = "com.jason.gu.$(PRODUCT_NAME:rfc1034identifier)";
				PRODUCT_NAME = "$(TARGET_NAME)";
				PROVISIONING_PROFILE = "";
				TEST_HOST = "$(BUILT_PRODUCTS_DIR)/huaqiangu.app/huaqiangu";
			};
			name = Debug;
		};
		BC1FB5DC1B595E9C00D06876 /* Release */ = {
			isa = XCBuildConfiguration;
			buildSettings = {
				BUNDLE_LOADER = "$(TEST_HOST)";
				CODE_SIGN_IDENTITY = "iPhone Developer";
				"CODE_SIGN_IDENTITY[sdk=iphoneos*]" = "iPhone Developer";
				FRAMEWORK_SEARCH_PATHS = (
					"$(SDKROOT)/Developer/Library/Frameworks",
					"$(inherited)",
				);
				INFOPLIST_FILE = huaqianguTests/Info.plist;
				LD_RUNPATH_SEARCH_PATHS = "$(inherited) @executable_path/Frameworks @loader_path/Frameworks";
				PRODUCT_BUNDLE_IDENTIFIER = "com.jason.gu.$(PRODUCT_NAME:rfc1034identifier)";
				PRODUCT_NAME = "$(TARGET_NAME)";
				PROVISIONING_PROFILE = "";
				TEST_HOST = "$(BUILT_PRODUCTS_DIR)/huaqiangu.app/huaqiangu";
			};
			name = Release;
		};
/* End XCBuildConfiguration section */

/* Begin XCConfigurationList section */
		BC1FB5AF1B595E9C00D06876 /* Build configuration list for PBXProject "huaqiangu" */ = {
			isa = XCConfigurationList;
			buildConfigurations = (
				BC1FB5D51B595E9C00D06876 /* Debug */,
				BC1FB5D61B595E9C00D06876 /* Release */,
			);
			defaultConfigurationIsVisible = 0;
			defaultConfigurationName = Release;
		};
		BC1FB5D71B595E9C00D06876 /* Build configuration list for PBXNativeTarget "huaqiangu" */ = {
			isa = XCConfigurationList;
			buildConfigurations = (
				BC1FB5D81B595E9C00D06876 /* Debug */,
				BC1FB5D91B595E9C00D06876 /* Release */,
			);
			defaultConfigurationIsVisible = 0;
			defaultConfigurationName = Release;
		};
		BC1FB5DA1B595E9C00D06876 /* Build configuration list for PBXNativeTarget "huaqianguTests" */ = {
			isa = XCConfigurationList;
			buildConfigurations = (
				BC1FB5DB1B595E9C00D06876 /* Debug */,
				BC1FB5DC1B595E9C00D06876 /* Release */,
			);
			defaultConfigurationIsVisible = 0;
			defaultConfigurationName = Release;
		};
/* End XCConfigurationList section */
	};
	rootObject = BC1FB5AC1B595E9C00D06876 /* Project object */;
}
